
Microsoft Visual Studio Solution File, Format Version 12.00
# Visual Studio Version 17
VisualStudioVersion = 17.4.33213.308
MinimumVisualStudioVersion = 10.0.40219.1
Project("{FAE04EC0-301F-11D3-BF4B-00C04F79EFBC}") = "DiscordTradeBot", "DiscordTradeBot.csproj", "{C2CB801E-F004-43D0-900A-DE963B0DA62D}"
EndProject
Global
	GlobalSection(SolutionConfigurationPlatforms) = preSolution
		Debug|Any CPU = Debug|Any CPU
		Release|Any CPU = Release|Any CPU
	EndGlobalSection
	GlobalSection(ProjectConfigurationPlatforms) = postSolution
		{C2CB801E-F004-43D0-900A-DE963B0DA62D}.Debug|Any CPU.ActiveCfg = Debug|Any CPU
		{C2CB801E-F004-43D0-900A-DE963B0DA62D}.Debug|Any CPU.Build.0 = Debug|Any CPU
		{C2CB801E-F004-43D0-900A-DE963B0DA62D}.Release|Any CPU.ActiveCfg = Release|Any CPU
		{C2CB801E-F004-43D0-900A-DE963B0DA62D}.Release|Any CPU.Build.0 = Release|Any CPU
	EndGlobalSection
	GlobalSection(SolutionProperties) = preSolution
		HideSolutionNode = FALSE
	EndGlobalSection
	GlobalSection(ExtensibilityGlobals) = postSolution
		SolutionGuid = {05B89733-CF91-4078-A8D7-0F62D425549B}
	EndGlobalSection
EndGlobal
